
Microsoft Visual Studio Solution File, Format Version 12.00
# Visual Studio Version 17
VisualStudioVersion = 17.1.32414.318
MinimumVisualStudioVersion = 10.0.40219.1
Project("{2150E333-8FDC-42A3-9474-1A3956D46DE8}") = "Core", "Core", "{8191038E-1D20-45D8-B3B4-8DB10FD5C950}"
EndProject
Project("{2150E333-8FDC-42A3-9474-1A3956D46DE8}") = "Infrastructures", "Infrastructures", "{4E9DA8F7-EC92-4FD1-8408-77E2CC575FB6}"
EndProject
Project("{2150E333-8FDC-42A3-9474-1A3956D46DE8}") = "EndPoint", "EndPoint", "{C44190EC-190D-4F11-A926-71C3931747E6}"
EndProject
Project("{9A19103F-16F7-4668-BE54-9A1E7A4F7556}") = "Application", "Application\Application.csproj", "{6648330B-B74A-4312-A9CE-DBF222F1E970}"
EndProject
Project("{9A19103F-16F7-4668-BE54-9A1E7A4F7556}") = "Infrastructure", "Infrastructure\Infrastructure.csproj", "{466087B7-4FC0-4474-ACDC-A7DC70A087B0}"
EndProject
Project("{2150E333-8FDC-42A3-9474-1A3956D46DE8}") = "CommonTools", "CommonTools", "{E14706C1-D50E-4E51-9FCE-3D1DB6F4158B}"
EndProject
Project("{9A19103F-16F7-4668-BE54-9A1E7A4F7556}") = "Dtat.Ddd.EntityFrameworkCore", "Dtat.Ddd.EntityFrameworkCore\Dtat.Ddd.EntityFrameworkCore.csproj", "{FBACB2CF-BA07-4D77-8E1F-978CCD003E63}"
EndProject
Project("{9A19103F-16F7-4668-BE54-9A1E7A4F7556}") = "Dtat.Security.Jwt", "Dtat.Security.Jwt\Dtat.Security.Jwt.csproj", "{C080467F-F80C-4884-BB6D-E9E8193D158D}"
EndProject
Project("{9A19103F-16F7-4668-BE54-9A1E7A4F7556}") = "Nazm", "Nazm\Nazm.csproj", "{C80341F8-F756-4635-A4AA-A6CB14FED5DA}"
EndProject
Project("{9A19103F-16F7-4668-BE54-9A1E7A4F7556}") = "Nazm.Results", "Nazm.Results\Nazm.Results.csproj", "{D08941AF-192B-4C6E-BBA7-90882CA23606}"
EndProject
Project("{9A19103F-16F7-4668-BE54-9A1E7A4F7556}") = "Domain", "Domain\Domain.csproj", "{D6F018CE-CF30-434C-8657-852580E05029}"
EndProject
Project("{9A19103F-16F7-4668-BE54-9A1E7A4F7556}") = "Resources", "Resources\Resources.csproj", "{BF7F8C8C-9378-45C5-A3DD-21AAC7ACCBF4}"
EndProject
Project("{9A19103F-16F7-4668-BE54-9A1E7A4F7556}") = "Persistence", "Persistence\Persistence.csproj", "{170BA9DC-5B46-4B2B-A2CC-D13E8659CB66}"
EndProject
Project("{2150E333-8FDC-42A3-9474-1A3956D46DE8}") = "Shareds", "Shareds", "{E6F6094E-4A1C-48BF-AA0F-9248F65EB813}"
EndProject
Project("{9A19103F-16F7-4668-BE54-9A1E7A4F7556}") = "ViewModels", "ViewModels\ViewModels.csproj", "{A3E809F0-9C14-4590-8F2F-60879758B1B5}"
EndProject
Project("{9A19103F-16F7-4668-BE54-9A1E7A4F7556}") = "Api", "Api\Api.csproj", "{C19E2E90-78A2-4686-89B3-0F9B070D3D53}"
EndProject
Project("{9A19103F-16F7-4668-BE54-9A1E7A4F7556}") = "NazmMapping", "NazmMapping\NazmMapping.csproj", "{5DDCDE2C-02EA-4B6A-94C0-D0659A74E6BA}"
EndProject
Project("{2150E333-8FDC-42A3-9474-1A3956D46DE8}") = "VNazmaranFrontend", "VNazmaranFrontend", "{5BA7D84D-F797-4C17-B812-6595696E75C0}"
EndProject
Project("{9A19103F-16F7-4668-BE54-9A1E7A4F7556}") = "Client", "Client\Client.csproj", "{68B34661-1580-4560-AA04-2038AD1D7EA5}"
EndProject
Project("{9A19103F-16F7-4668-BE54-9A1E7A4F7556}") = "NazmProtection", "NazmProtection\NazmProtection.csproj", "{946D671A-3108-4975-819A-ED4C17646D70}"
EndProject
Project("{2150E333-8FDC-42A3-9474-1A3956D46DE8}") = "Console", "Console", "{61D7F31A-22AB-4C89-873E-FB1C3D46B458}"
EndProject
Project("{9A19103F-16F7-4668-BE54-9A1E7A4F7556}") = "CallRestApiInquiry", "CallRestApiInquiry\CallRestApiInquiry.csproj", "{2FAD2CC0-873A-4C1E-B2E8-E858A22F368B}"
EndProject
Project("{9A19103F-16F7-4668-BE54-9A1E7A4F7556}") = "CallRestApiInvoice", "CallRestApiInvoice\CallRestApiInvoice.csproj", "{C6D35BDD-0493-4B5D-BB68-701746855F64}"
EndProject
Project("{9A19103F-16F7-4668-BE54-9A1E7A4F7556}") = "CallRestApiCancelInvoice", "CallRestApiCancelInvoice\CallRestApiCancelInvoice\CallRestApiCancelInvoice.csproj", "{62963B52-DC58-485C-BC8D-C8FF4AA27E43}"
EndProject
Project("{9A19103F-16F7-4668-BE54-9A1E7A4F7556}") = "CallRestApiEditInvoice", "CallRestApiEditeInvoice\CallRestApiCancelInvoice\CallRestApiEditInvoice.csproj", "{80F8845B-3CA8-48DB-A8E0-A427B3E40BBF}"
EndProject
Global
	GlobalSection(SolutionConfigurationPlatforms) = preSolution
		Debug|Any CPU = Debug|Any CPU
		Release|Any CPU = Release|Any CPU
	EndGlobalSection
	GlobalSection(ProjectConfigurationPlatforms) = postSolution
		{6648330B-B74A-4312-A9CE-DBF222F1E970}.Debug|Any CPU.ActiveCfg = Debug|Any CPU
		{6648330B-B74A-4312-A9CE-DBF222F1E970}.Debug|Any CPU.Build.0 = Debug|Any CPU
		{6648330B-B74A-4312-A9CE-DBF222F1E970}.Release|Any CPU.ActiveCfg = Release|Any CPU
		{6648330B-B74A-4312-A9CE-DBF222F1E970}.Release|Any CPU.Build.0 = Release|Any CPU
		{466087B7-4FC0-4474-ACDC-A7DC70A087B0}.Debug|Any CPU.ActiveCfg = Debug|Any CPU
		{466087B7-4FC0-4474-ACDC-A7DC70A087B0}.Debug|Any CPU.Build.0 = Debug|Any CPU
		{466087B7-4FC0-4474-ACDC-A7DC70A087B0}.Release|Any CPU.ActiveCfg = Release|Any CPU
		{466087B7-4FC0-4474-ACDC-A7DC70A087B0}.Release|Any CPU.Build.0 = Release|Any CPU
		{FBACB2CF-BA07-4D77-8E1F-978CCD003E63}.Debug|Any CPU.ActiveCfg = Debug|Any CPU
		{FBACB2CF-BA07-4D77-8E1F-978CCD003E63}.Debug|Any CPU.Build.0 = Debug|Any CPU
		{FBACB2CF-BA07-4D77-8E1F-978CCD003E63}.Release|Any CPU.ActiveCfg = Release|Any CPU
		{FBACB2CF-BA07-4D77-8E1F-978CCD003E63}.Release|Any CPU.Build.0 = Release|Any CPU
		{C080467F-F80C-4884-BB6D-E9E8193D158D}.Debug|Any CPU.ActiveCfg = Debug|Any CPU
		{C080467F-F80C-4884-BB6D-E9E8193D158D}.Debug|Any CPU.Build.0 = Debug|Any CPU
		{C080467F-F80C-4884-BB6D-E9E8193D158D}.Release|Any CPU.ActiveCfg = Release|Any CPU
		{C080467F-F80C-4884-BB6D-E9E8193D158D}.Release|Any CPU.Build.0 = Release|Any CPU
		{C80341F8-F756-4635-A4AA-A6CB14FED5DA}.Debug|Any CPU.ActiveCfg = Debug|Any CPU
		{C80341F8-F756-4635-A4AA-A6CB14FED5DA}.Debug|Any CPU.Build.0 = Debug|Any CPU
		{C80341F8-F756-4635-A4AA-A6CB14FED5DA}.Release|Any CPU.ActiveCfg = Release|Any CPU
		{C80341F8-F756-4635-A4AA-A6CB14FED5DA}.Release|Any CPU.Build.0 = Release|Any CPU
		{D08941AF-192B-4C6E-BBA7-90882CA23606}.Debug|Any CPU.ActiveCfg = Debug|Any CPU
		{D08941AF-192B-4C6E-BBA7-90882CA23606}.Debug|Any CPU.Build.0 = Debug|Any CPU
		{D08941AF-192B-4C6E-BBA7-90882CA23606}.Release|Any CPU.ActiveCfg = Release|Any CPU
		{D08941AF-192B-4C6E-BBA7-90882CA23606}.Release|Any CPU.Build.0 = Release|Any CPU
		{D6F018CE-CF30-434C-8657-852580E05029}.Debug|Any CPU.ActiveCfg = Debug|Any CPU
		{D6F018CE-CF30-434C-8657-852580E05029}.Debug|Any CPU.Build.0 = Debug|Any CPU
		{D6F018CE-CF30-434C-8657-852580E05029}.Release|Any CPU.ActiveCfg = Release|Any CPU
		{D6F018CE-CF30-434C-8657-852580E05029}.Release|Any CPU.Build.0 = Release|Any CPU
		{BF7F8C8C-9378-45C5-A3DD-21AAC7ACCBF4}.Debug|Any CPU.ActiveCfg = Debug|Any CPU
		{BF7F8C8C-9378-45C5-A3DD-21AAC7ACCBF4}.Debug|Any CPU.Build.0 = Debug|Any CPU
		{BF7F8C8C-9378-45C5-A3DD-21AAC7ACCBF4}.Release|Any CPU.ActiveCfg = Release|Any CPU
		{BF7F8C8C-9378-45C5-A3DD-21AAC7ACCBF4}.Release|Any CPU.Build.0 = Release|Any CPU
		{170BA9DC-5B46-4B2B-A2CC-D13E8659CB66}.Debug|Any CPU.ActiveCfg = Debug|Any CPU
		{170BA9DC-5B46-4B2B-A2CC-D13E8659CB66}.Debug|Any CPU.Build.0 = Debug|Any CPU
		{170BA9DC-5B46-4B2B-A2CC-D13E8659CB66}.Release|Any CPU.ActiveCfg = Release|Any CPU
		{170BA9DC-5B46-4B2B-A2CC-D13E8659CB66}.Release|Any CPU.Build.0 = Release|Any CPU
		{A3E809F0-9C14-4590-8F2F-60879758B1B5}.Debug|Any CPU.ActiveCfg = Debug|Any CPU
		{A3E809F0-9C14-4590-8F2F-60879758B1B5}.Debug|Any CPU.Build.0 = Debug|Any CPU
		{A3E809F0-9C14-4590-8F2F-60879758B1B5}.Release|Any CPU.ActiveCfg = Release|Any CPU
		{A3E809F0-9C14-4590-8F2F-60879758B1B5}.Release|Any CPU.Build.0 = Release|Any CPU
		{C19E2E90-78A2-4686-89B3-0F9B070D3D53}.Debug|Any CPU.ActiveCfg = Debug|Any CPU
		{C19E2E90-78A2-4686-89B3-0F9B070D3D53}.Debug|Any CPU.Build.0 = Debug|Any CPU
		{C19E2E90-78A2-4686-89B3-0F9B070D3D53}.Release|Any CPU.ActiveCfg = Release|Any CPU
		{C19E2E90-78A2-4686-89B3-0F9B070D3D53}.Release|Any CPU.Build.0 = Release|Any CPU
		{5DDCDE2C-02EA-4B6A-94C0-D0659A74E6BA}.Debug|Any CPU.ActiveCfg = Debug|Any CPU
		{5DDCDE2C-02EA-4B6A-94C0-D0659A74E6BA}.Debug|Any CPU.Build.0 = Debug|Any CPU
		{5DDCDE2C-02EA-4B6A-94C0-D0659A74E6BA}.Release|Any CPU.ActiveCfg = Release|Any CPU
		{5DDCDE2C-02EA-4B6A-94C0-D0659A74E6BA}.Release|Any CPU.Build.0 = Release|Any CPU
		{68B34661-1580-4560-AA04-2038AD1D7EA5}.Debug|Any CPU.ActiveCfg = Debug|Any CPU
		{68B34661-1580-4560-AA04-2038AD1D7EA5}.Debug|Any CPU.Build.0 = Debug|Any CPU
		{68B34661-1580-4560-AA04-2038AD1D7EA5}.Release|Any CPU.ActiveCfg = Release|Any CPU
		{68B34661-1580-4560-AA04-2038AD1D7EA5}.Release|Any CPU.Build.0 = Release|Any CPU
		{946D671A-3108-4975-819A-ED4C17646D70}.Debug|Any CPU.ActiveCfg = Debug|Any CPU
		{946D671A-3108-4975-819A-ED4C17646D70}.Debug|Any CPU.Build.0 = Debug|Any CPU
		{946D671A-3108-4975-819A-ED4C17646D70}.Release|Any CPU.ActiveCfg = Release|Any CPU
		{946D671A-3108-4975-819A-ED4C17646D70}.Release|Any CPU.Build.0 = Release|Any CPU
		{2FAD2CC0-873A-4C1E-B2E8-E858A22F368B}.Debug|Any CPU.ActiveCfg = Debug|Any CPU
		{2FAD2CC0-873A-4C1E-B2E8-E858A22F368B}.Debug|Any CPU.Build.0 = Debug|Any CPU
		{2FAD2CC0-873A-4C1E-B2E8-E858A22F368B}.Release|Any CPU.ActiveCfg = Release|Any CPU
		{2FAD2CC0-873A-4C1E-B2E8-E858A22F368B}.Release|Any CPU.Build.0 = Release|Any CPU
		{C6D35BDD-0493-4B5D-BB68-701746855F64}.Debug|Any CPU.ActiveCfg = Debug|Any CPU
		{C6D35BDD-0493-4B5D-BB68-701746855F64}.Debug|Any CPU.Build.0 = Debug|Any CPU
		{C6D35BDD-0493-4B5D-BB68-701746855F64}.Release|Any CPU.ActiveCfg = Release|Any CPU
		{C6D35BDD-0493-4B5D-BB68-701746855F64}.Release|Any CPU.Build.0 = Release|Any CPU
		{62963B52-DC58-485C-BC8D-C8FF4AA27E43}.Debug|Any CPU.ActiveCfg = Debug|Any CPU
		{62963B52-DC58-485C-BC8D-C8FF4AA27E43}.Debug|Any CPU.Build.0 = Debug|Any CPU
		{62963B52-DC58-485C-BC8D-C8FF4AA27E43}.Release|Any CPU.ActiveCfg = Release|Any CPU
		{62963B52-DC58-485C-BC8D-C8FF4AA27E43}.Release|Any CPU.Build.0 = Release|Any CPU
		{80F8845B-3CA8-48DB-A8E0-A427B3E40BBF}.Debug|Any CPU.ActiveCfg = Debug|Any CPU
		{80F8845B-3CA8-48DB-A8E0-A427B3E40BBF}.Debug|Any CPU.Build.0 = Debug|Any CPU
		{80F8845B-3CA8-48DB-A8E0-A427B3E40BBF}.Release|Any CPU.ActiveCfg = Release|Any CPU
		{80F8845B-3CA8-48DB-A8E0-A427B3E40BBF}.Release|Any CPU.Build.0 = Release|Any CPU
	EndGlobalSection
	GlobalSection(SolutionProperties) = preSolution
		HideSolutionNode = FALSE
	EndGlobalSection
	GlobalSection(NestedProjects) = preSolution
		{6648330B-B74A-4312-A9CE-DBF222F1E970} = {8191038E-1D20-45D8-B3B4-8DB10FD5C950}
		{466087B7-4FC0-4474-ACDC-A7DC70A087B0} = {4E9DA8F7-EC92-4FD1-8408-77E2CC575FB6}
		{FBACB2CF-BA07-4D77-8E1F-978CCD003E63} = {E14706C1-D50E-4E51-9FCE-3D1DB6F4158B}
		{C080467F-F80C-4884-BB6D-E9E8193D158D} = {E14706C1-D50E-4E51-9FCE-3D1DB6F4158B}
		{C80341F8-F756-4635-A4AA-A6CB14FED5DA} = {E14706C1-D50E-4E51-9FCE-3D1DB6F4158B}
		{D08941AF-192B-4C6E-BBA7-90882CA23606} = {E14706C1-D50E-4E51-9FCE-3D1DB6F4158B}
		{D6F018CE-CF30-434C-8657-852580E05029} = {8191038E-1D20-45D8-B3B4-8DB10FD5C950}
		{BF7F8C8C-9378-45C5-A3DD-21AAC7ACCBF4} = {E6F6094E-4A1C-48BF-AA0F-9248F65EB813}
		{170BA9DC-5B46-4B2B-A2CC-D13E8659CB66} = {4E9DA8F7-EC92-4FD1-8408-77E2CC575FB6}
		{A3E809F0-9C14-4590-8F2F-60879758B1B5} = {E6F6094E-4A1C-48BF-AA0F-9248F65EB813}
		{C19E2E90-78A2-4686-89B3-0F9B070D3D53} = {C44190EC-190D-4F11-A926-71C3931747E6}
		{5DDCDE2C-02EA-4B6A-94C0-D0659A74E6BA} = {E14706C1-D50E-4E51-9FCE-3D1DB6F4158B}
		{68B34661-1580-4560-AA04-2038AD1D7EA5} = {5BA7D84D-F797-4C17-B812-6595696E75C0}
		{946D671A-3108-4975-819A-ED4C17646D70} = {E14706C1-D50E-4E51-9FCE-3D1DB6F4158B}
		{2FAD2CC0-873A-4C1E-B2E8-E858A22F368B} = {61D7F31A-22AB-4C89-873E-FB1C3D46B458}
		{C6D35BDD-0493-4B5D-BB68-701746855F64} = {61D7F31A-22AB-4C89-873E-FB1C3D46B458}
		{62963B52-DC58-485C-BC8D-C8FF4AA27E43} = {61D7F31A-22AB-4C89-873E-FB1C3D46B458}
		{80F8845B-3CA8-48DB-A8E0-A427B3E40BBF} = {61D7F31A-22AB-4C89-873E-FB1C3D46B458}
	EndGlobalSection
	GlobalSection(ExtensibilityGlobals) = postSolution
		SolutionGuid = {8E37B601-9293-44ED-BC0C-E738395919B5}
	EndGlobalSection
EndGlobal
